// !$*UTF8*$!
{
	archiveVersion = 1;
	classes = {
	};
	objectVersion = 56;
	objects = {

/* Begin PBXBuildFile section */
		CEDC33A0297E6AEA00017410 /* crown.png in Resources */ = {isa = PBXBuildFile; fileRef = CEDC339F297E6AEA00017410 /* crown.png */; };
		CEE964AB297E4272007BE9FC /* AppDelegate.swift in Sources */ = {isa = PBXBuildFile; fileRef = CEE964AA297E4272007BE9FC /* AppDelegate.swift */; };
		CEE964AD297E4272007BE9FC /* SceneDelegate.swift in Sources */ = {isa = PBXBuildFile; fileRef = CEE964AC297E4272007BE9FC /* SceneDelegate.swift */; };
		CEE964AF297E4272007BE9FC /* ViewController.swift in Sources */ = {isa = PBXBuildFile; fileRef = CEE964AE297E4272007BE9FC /* ViewController.swift */; };
		CEE964B2297E4272007BE9FC /* Main.storyboard in Resources */ = {isa = PBXBuildFile; fileRef = CEE964B0297E4272007BE9FC /* Main.storyboard */; };
		CEE964B4297E4273007BE9FC /* Assets.xcassets in Resources */ = {isa = PBXBuildFile; fileRef = CEE964B3297E4273007BE9FC /* Assets.xcassets */; };
		CEE964B7297E4273007BE9FC /* LaunchScreen.storyboard in Resources */ = {isa = PBXBuildFile; fileRef = CEE964B5297E4273007BE9FC /* LaunchScreen.storyboard */; };
		CEE964C3297E42D0007BE9FC /* CodableCSV in Frameworks */ = {isa = PBXBuildFile; productRef = CEE964C2297E42D0007BE9FC /* CodableCSV */; };
		CEE964C5297E4358007BE9FC /* word.swift in Sources */ = {isa = PBXBuildFile; fileRef = CEE964C4297E4358007BE9FC /* word.swift */; };
/* End PBXBuildFile section */

/* Begin PBXFileReference section */
		CEDC339F297E6AEA00017410 /* crown.png */ = {isa = PBXFileReference; lastKnownFileType = image.png; path = crown.png; sourceTree = "<group>"; };
		CEE964A7297E4272007BE9FC /* wordKing.app */ = {isa = PBXFileReference; explicitFileType = wrapper.application; includeInIndex = 0; path = wordKing.app; sourceTree = BUILT_PRODUCTS_DIR; };
		CEE964AA297E4272007BE9FC /* AppDelegate.swift */ = {isa = PBXFileReference; lastKnownFileType = sourcecode.swift; path = AppDelegate.swift; sourceTree = "<group>"; };
		CEE964AC297E4272007BE9FC /* SceneDelegate.swift */ = {isa = PBXFileReference; lastKnownFileType = sourcecode.swift; path = SceneDelegate.swift; sourceTree = "<group>"; };
		CEE964AE297E4272007BE9FC /* ViewController.swift */ = {isa = PBXFileReference; lastKnownFileType = sourcecode.swift; path = ViewController.swift; sourceTree = "<group>"; };
		CEE964B1297E4272007BE9FC /* Base */ = {isa = PBXFileReference; lastKnownFileType = file.storyboard; name = Base; path = Base.lproj/Main.storyboard; sourceTree = "<group>"; };
		CEE964B3297E4273007BE9FC /* Assets.xcassets */ = {isa = PBXFileReference; lastKnownFileType = folder.assetcatalog; path = Assets.xcassets; sourceTree = "<group>"; };
		CEE964B6297E4273007BE9FC /* Base */ = {isa = PBXFileReference; lastKnownFileType = file.storyboard; name = Base; path = Base.lproj/LaunchScreen.storyboard; sourceTree = "<group>"; };
		CEE964B8297E4273007BE9FC /* Info.plist */ = {isa = PBXFileReference; lastKnownFileType = text.plist.xml; path = Info.plist; sourceTree = "<group>"; };
		CEE964C4297E4358007BE9FC /* word.swift */ = {isa = PBXFileReference; lastKnownFileType = sourcecode.swift; path = word.swift; sourceTree = "<group>"; };
/* End PBXFileReference section */

/* Begin PBXFrameworksBuildPhase section */
		CEE964A4297E4272007BE9FC /* Frameworks */ = {
			isa = PBXFrameworksBuildPhase;
			buildActionMask = 2147483647;
			files = (
				CEE964C3297E42D0007BE9FC /* CodableCSV in Frameworks */,
			);
			runOnlyForDeploymentPostprocessing = 0;
		};
/* End PBXFrameworksBuildPhase section */

/* Begin PBXGroup section */
		CEE9649E297E4271007BE9FC = {
			isa = PBXGroup;
			children = (
				CEE964A9297E4272007BE9FC /* wordKing */,
				CEE964A8297E4272007BE9FC /* Products */,
			);
			sourceTree = "<group>";
		};
		CEE964A8297E4272007BE9FC /* Products */ = {
			isa = PBXGroup;
			children = (
				CEE964A7297E4272007BE9FC /* wordKing.app */,
			);
			name = Products;
			sourceTree = "<group>";
		};
		CEE964A9297E4272007BE9FC /* wordKing */ = {
			isa = PBXGroup;
			children = (
				CEE964AA297E4272007BE9FC /* AppDelegate.swift */,
				CEE964AC297E4272007BE9FC /* SceneDelegate.swift */,
				CEE964AE297E4272007BE9FC /* ViewController.swift */,
				CEE964C4297E4358007BE9FC /* word.swift */,
				CEE964B0297E4272007BE9FC /* Main.storyboard */,
				CEE964B3297E4273007BE9FC /* Assets.xcassets */,
				CEE964B5297E4273007BE9FC /* LaunchScreen.storyboard */,
				CEDC339F297E6AEA00017410 /* crown.png */,
				CEE964B8297E4273007BE9FC /* Info.plist */,
			);
			path = wordKing;
			sourceTree = "<group>";
		};
/* End PBXGroup section */

/* Begin PBXNativeTarget section */
		CEE964A6297E4272007BE9FC /* wordKing */ = {
			isa = PBXNativeTarget;
			buildConfigurationList = CEE964BB297E4273007BE9FC /* Build configuration list for PBXNativeTarget "wordKing" */;
			buildPhases = (
				CEE964A3297E4272007BE9FC /* Sources */,
				CEE964A4297E4272007BE9FC /* Frameworks */,
				CEE964A5297E4272007BE9FC /* Resources */,
			);
			buildRules = (
			);
			dependencies = (
			);
			name = wordKing;
			packageProductDependencies = (
				CEE964C2297E42D0007BE9FC /* CodableCSV */,
			);
			productName = wordKing;
			productReference = CEE964A7297E4272007BE9FC /* wordKing.app */;
			productType = "com.apple.product-type.application";
		};
/* End PBXNativeTarget section */

/* Begin PBXProject section */
		CEE9649F297E4271007BE9FC /* Project object */ = {
			isa = PBXProject;
			attributes = {
				BuildIndependentTargetsInParallel = 1;
				LastSwiftUpdateCheck = 1410;
				LastUpgradeCheck = 1410;
				TargetAttributes = {
					CEE964A6297E4272007BE9FC = {
						CreatedOnToolsVersion = 14.1;
					};
				};
			};
			buildConfigurationList = CEE964A2297E4271007BE9FC /* Build configuration list for PBXProject "wordKing" */;
			compatibilityVersion = "Xcode 14.0";
			developmentRegion = en;
			hasScannedForEncodings = 0;
			knownRegions = (
				en,
				Base,
			);
			mainGroup = CEE9649E297E4271007BE9FC;
			packageReferences = (
				CEE964C1297E42D0007BE9FC /* XCRemoteSwiftPackageReference "CodableCSV" */,
			);
			productRefGroup = CEE964A8297E4272007BE9FC /* Products */;
			projectDirPath = "";
			projectRoot = "";
			targets = (
				CEE964A6297E4272007BE9FC /* wordKing */,
			);
		};
/* End PBXProject section */

/* Begin PBXResourcesBuildPhase section */
		CEE964A5297E4272007BE9FC /* Resources */ = {
			isa = PBXResourcesBuildPhase;
			buildActionMask = 2147483647;
			files = (
				CEE964B7297E4273007BE9FC /* LaunchScreen.storyboard in Resources */,
				CEDC33A0297E6AEA00017410 /* crown.png in Resources */,
				CEE964B4297E4273007BE9FC /* Assets.xcassets in Resources */,
				CEE964B2297E4272007BE9FC /* Main.storyboard in Resources */,
			);
			runOnlyForDeploymentPostprocessing = 0;
		};
/* End PBXResourcesBuildPhase section */

/* Begin PBXSourcesBuildPhase section */
		CEE964A3297E4272007BE9FC /* Sources */ = {
			isa = PBXSourcesBuildPhase;
			buildActionMask = 2147483647;
			files = (
				CEE964AF297E4272007BE9FC /* ViewController.swift in Sources */,
				CEE964C5297E4358007BE9FC /* word.swift in Sources */,
				CEE964AB297E4272007BE9FC /* AppDelegate.swift in Sources */,
				CEE964AD297E4272007BE9FC /* SceneDelegate.swift in Sources */,
			);
			runOnlyForDeploymentPostprocessing = 0;
		};
/* End PBXSourcesBuildPhase section */

/* Begin PBXVariantGroup section */
		CEE964B0297E4272007BE9FC /* Main.storyboard */ = {
			isa = PBXVariantGroup;
			children = (
				CEE964B1297E4272007BE9FC /* Base */,
			);
			name = Main.storyboard;
			sourceTree = "<group>";
		};
		CEE964B5297E4273007BE9FC /* LaunchScreen.storyboard */ = {
			isa = PBXVariantGroup;
			children = (
				CEE964B6297E4273007BE9FC /* Base */,
			);
			name = LaunchScreen.storyboard;
			sourceTree = "<group>";
		};
/* End PBXVariantGroup section */

/* Begin XCBuildConfiguration section */
		CEE964B9297E4273007BE9FC /* Debug */ = {
			isa = XCBuildConfiguration;
			buildSettings = {
				ALWAYS_SEARCH_USER_PATHS = NO;
				CLANG_ANALYZER_NONNULL = YES;
				CLANG_ANALYZER_NUMBER_OBJECT_CONVERSION = YES_AGGRESSIVE;
				CLANG_CXX_LANGUAGE_STANDARD = "gnu++20";
				CLANG_ENABLE_MODULES = YES;
				CLANG_ENABLE_OBJC_ARC = YES;
				CLANG_ENABLE_OBJC_WEAK = YES;
				CLANG_WARN_BLOCK_CAPTURE_AUTORELEASING = YES;
				CLANG_WARN_BOOL_CONVERSION = YES;
				CLANG_WARN_COMMA = YES;
				CLANG_WARN_CONSTANT_CONVERSION = YES;
				CLANG_WARN_DEPRECATED_OBJC_IMPLEMENTATIONS = YES;
				CLANG_WARN_DIRECT_OBJC_ISA_USAGE = YES_ERROR;
				CLANG_WARN_DOCUMENTATION_COMMENTS = YES;
				CLANG_WARN_EMPTY_BODY = YES;
				CLANG_WARN_ENUM_CONVERSION = YES;
				CLANG_WARN_INFINITE_RECURSION = YES;
				CLANG_WARN_INT_CONVERSION = YES;
				CLANG_WARN_NON_LITERAL_NULL_CONVERSION = YES;
				CLANG_WARN_OBJC_IMPLICIT_RETAIN_SELF = YES;
				CLANG_WARN_OBJC_LITERAL_CONVERSION = YES;
				CLANG_WARN_OBJC_ROOT_CLASS = YES_ERROR;
				CLANG_WARN_QUOTED_INCLUDE_IN_FRAMEWORK_HEADER = YES;
				CLANG_WARN_RANGE_LOOP_ANALYSIS = YES;
				CLANG_WARN_STRICT_PROTOTYPES = YES;
				CLANG_WARN_SUSPICIOUS_MOVE = YES;
				CLANG_WARN_UNGUARDED_AVAILABILITY = YES_AGGRESSIVE;
				CLANG_WARN_UNREACHABLE_CODE = YES;
				CLANG_WARN__DUPLICATE_METHOD_MATCH = YES;
				COPY_PHASE_STRIP = NO;
				DEBUG_INFORMATION_FORMAT = dwarf;
				ENABLE_STRICT_OBJC_MSGSEND = YES;
				ENABLE_TESTABILITY = YES;
				GCC_C_LANGUAGE_STANDARD = gnu11;
				GCC_DYNAMIC_NO_PIC = NO;
				GCC_NO_COMMON_BLOCKS = YES;
				GCC_OPTIMIZATION_LEVEL = 0;
				GCC_PREPROCESSOR_DEFINITIONS = (
					"DEBUG=1",
					"$(inherited)",
				);
				GCC_WARN_64_TO_32_BIT_CONVERSION = YES;
				GCC_WARN_ABOUT_RETURN_TYPE = YES_ERROR;
				GCC_WARN_UNDECLARED_SELECTOR = YES;
				GCC_WARN_UNINITIALIZED_AUTOS = YES_AGGRESSIVE;
				GCC_WARN_UNUSED_FUNCTION = YES;
				GCC_WARN_UNUSED_VARIABLE = YES;
				IPHONEOS_DEPLOYMENT_TARGET = 16.1;
				MTL_ENABLE_DEBUG_INFO = INCLUDE_SOURCE;
				MTL_FAST_MATH = YES;
				ONLY_ACTIVE_ARCH = YES;
				SDKROOT = iphoneos;
				SWIFT_ACTIVE_COMPILATION_CONDITIONS = DEBUG;
				SWIFT_OPTIMIZATION_LEVEL = "-Onone";
			};
			name = Debug;
		};
		CEE964BA297E4273007BE9FC /* Release */ = {
			isa = XCBuildConfiguration;
			buildSettings = {
				ALWAYS_SEARCH_USER_PATHS = NO;
				CLANG_ANALYZER_NONNULL = YES;
				CLANG_ANALYZER_NUMBER_OBJECT_CONVERSION = YES_AGGRESSIVE;
				CLANG_CXX_LANGUAGE_STANDARD = "gnu++20";
				CLANG_ENABLE_MODULES = YES;
				CLANG_ENABLE_OBJC_ARC = YES;
				CLANG_ENABLE_OBJC_WEAK = YES;
				CLANG_WARN_BLOCK_CAPTURE_AUTORELEASING = YES;
				CLANG_WARN_BOOL_CONVERSION = YES;
				CLANG_WARN_COMMA = YES;
				CLANG_WARN_CONSTANT_CONVERSION = YES;
				CLANG_WARN_DEPRECATED_OBJC_IMPLEMENTATIONS = YES;
				CLANG_WARN_DIRECT_OBJC_ISA_USAGE = YES_ERROR;
				CLANG_WARN_DOCUMENTATION_COMMENTS = YES;
				CLANG_WARN_EMPTY_BODY = YES;
				CLANG_WARN_ENUM_CONVERSION = YES;
				CLANG_WARN_INFINITE_RECURSION = YES;
				CLANG_WARN_INT_CONVERSION = YES;
				CLANG_WARN_NON_LITERAL_NULL_CONVERSION = YES;
				CLANG_WARN_OBJC_IMPLICIT_RETAIN_SELF = YES;
				CLANG_WARN_OBJC_LITERAL_CONVERSION = YES;
				CLANG_WARN_OBJC_ROOT_CLASS = YES_ERROR;
				CLANG_WARN_QUOTED_INCLUDE_IN_FRAMEWORK_HEADER = YES;
				CLANG_WARN_RANGE_LOOP_ANALYSIS = YES;
				CLANG_WARN_STRICT_PROTOTYPES = YES;
				CLANG_WARN_SUSPICIOUS_MOVE = YES;
				CLANG_WARN_UNGUARDED_AVAILABILITY = YES_AGGRESSIVE;
				CLANG_WARN_UNREACHABLE_CODE = YES;
				CLANG_WARN__DUPLICATE_METHOD_MATCH = YES;
				COPY_PHASE_STRIP = NO;
				DEBUG_INFORMATION_FORMAT = "dwarf-with-dsym";
				ENABLE_NS_ASSERTIONS = NO;
				ENABLE_STRICT_OBJC_MSGSEND = YES;
				GCC_C_LANGUAGE_STANDARD = gnu11;
				GCC_NO_COMMON_BLOCKS = YES;
				GCC_WARN_64_TO_32_BIT_CONVERSION = YES;
				GCC_WARN_ABOUT_RETURN_TYPE = YES_ERROR;
				GCC_WARN_UNDECLARED_SELECTOR = YES;
				GCC_WARN_UNINITIALIZED_AUTOS = YES_AGGRESSIVE;
				GCC_WARN_UNUSED_FUNCTION = YES;
				GCC_WARN_UNUSED_VARIABLE = YES;
				IPHONEOS_DEPLOYMENT_TARGET = 16.1;
				MTL_ENABLE_DEBUG_INFO = NO;
				MTL_FAST_MATH = YES;
				SDKROOT = iphoneos;
				SWIFT_COMPILATION_MODE = wholemodule;
				SWIFT_OPTIMIZATION_LEVEL = "-O";
				VALIDATE_PRODUCT = YES;
			};
			name = Release;
		};
		CEE964BC297E4273007BE9FC /* Debug */ = {
			isa = XCBuildConfiguration;
			buildSettings = {
				ASSETCATALOG_COMPILER_APPICON_NAME = AppIcon;
				ASSETCATALOG_COMPILER_GLOBAL_ACCENT_COLOR_NAME = AccentColor;
				CODE_SIGN_STYLE = Automatic;
				CURRENT_PROJECT_VERSION = 1;
				DEVELOPMENT_TEAM = 9APJ4LMH7V;
				GENERATE_INFOPLIST_FILE = YES;
				INFOPLIST_FILE = wordKing/Info.plist;
				INFOPLIST_KEY_UIApplicationSupportsIndirectInputEvents = YES;
				INFOPLIST_KEY_UILaunchStoryboardName = LaunchScreen;
				INFOPLIST_KEY_UIMainStoryboardFile = Main;
				INFOPLIST_KEY_UISupportedInterfaceOrientations_iPad = "UIInterfaceOrientationPortrait UIInterfaceOrientationPortraitUpsideDown UIInterfaceOrientationLandscapeLeft UIInterfaceOrientationLandscapeRight";
				INFOPLIST_KEY_UISupportedInterfaceOrientations_iPhone = "UIInterfaceOrientationPortrait UIInterfaceOrientationLandscapeLeft UIInterfaceOrientationLandscapeRight";
				LD_RUNPATH_SEARCH_PATHS = (
					"$(inherited)",
					"@executable_path/Frameworks",
				);
				MARKETING_VERSION = 1.0;
				PRODUCT_BUNDLE_IDENTIFIER = com.robert.wordKing;
				PRODUCT_NAME = "$(TARGET_NAME)";
				SWIFT_EMIT_LOC_STRINGS = YES;
				SWIFT_VERSION = 5.0;
				TARGETED_DEVICE_FAMILY = "1,2";
			};
			name = Debug;
		};
		CEE964BD297E4273007BE9FC /* Release */ = {
			isa = XCBuildConfiguration;
			buildSettings = {
				ASSETCATALOG_COMPILER_APPICON_NAME = AppIcon;
				ASSETCATALOG_COMPILER_GLOBAL_ACCENT_COLOR_NAME = AccentColor;
				CODE_SIGN_STYLE = Automatic;
				CURRENT_PROJECT_VERSION = 1;
				DEVELOPMENT_TEAM = 9APJ4LMH7V;
				GENERATE_INFOPLIST_FILE = YES;
				INFOPLIST_FILE = wordKing/Info.plist;
				INFOPLIST_KEY_UIApplicationSupportsIndirectInputEvents = YES;
				INFOPLIST_KEY_UILaunchStoryboardName = LaunchScreen;
				INFOPLIST_KEY_UIMainStoryboardFile = Main;
				INFOPLIST_KEY_UISupportedInterfaceOrientations_iPad = "UIInterfaceOrientationPortrait UIInterfaceOrientationPortraitUpsideDown UIInterfaceOrientationLandscapeLeft UIInterfaceOrientationLandscapeRight";
				INFOPLIST_KEY_UISupportedInterfaceOrientations_iPhone = "UIInterfaceOrientationPortrait UIInterfaceOrientationLandscapeLeft UIInterfaceOrientationLandscapeRight";
				LD_RUNPATH_SEARCH_PATHS = (
					"$(inherited)",
					"@executable_path/Frameworks",
				);
				MARKETING_VERSION = 1.0;
				PRODUCT_BUNDLE_IDENTIFIER = com.robert.wordKing;
				PRODUCT_NAME = "$(TARGET_NAME)";
				SWIFT_EMIT_LOC_STRINGS = YES;
				SWIFT_VERSION = 5.0;
				TARGETED_DEVICE_FAMILY = "1,2";
			};
			name = Release;
		};
/* End XCBuildConfiguration section */

/* Begin XCConfigurationList section */
		CEE964A2297E4271007BE9FC /* Build configuration list for PBXProject "wordKing" */ = {
			isa = XCConfigurationList;
			buildConfigurations = (
				CEE964B9297E4273007BE9FC /* Debug */,
				CEE964BA297E4273007BE9FC /* Release */,
			);
			defaultConfigurationIsVisible = 0;
			defaultConfigurationName = Release;
		};
		CEE964BB297E4273007BE9FC /* Build configuration list for PBXNativeTarget "wordKing" */ = {
			isa = XCConfigurationList;
			buildConfigurations = (
				CEE964BC297E4273007BE9FC /* Debug */,
				CEE964BD297E4273007BE9FC /* Release */,
			);
			defaultConfigurationIsVisible = 0;
			defaultConfigurationName = Release;
		};
/* End XCConfigurationList section */

/* Begin XCRemoteSwiftPackageReference section */
		CEE964C1297E42D0007BE9FC /* XCRemoteSwiftPackageReference "CodableCSV" */ = {
			isa = XCRemoteSwiftPackageReference;
			repositoryURL = "https://github.com/dehesa/CodableCSV";
			requirement = {
				kind = upToNextMinorVersion;
				minimumVersion = 0.6.7;
			};
		};
/* End XCRemoteSwiftPackageReference section */

/* Begin XCSwiftPackageProductDependency section */
		CEE964C2297E42D0007BE9FC /* CodableCSV */ = {
			isa = XCSwiftPackageProductDependency;
			package = CEE964C1297E42D0007BE9FC /* XCRemoteSwiftPackageReference "CodableCSV" */;
			productName = CodableCSV;
		};
/* End XCSwiftPackageProductDependency section */
	};
	rootObject = CEE9649F297E4271007BE9FC /* Project object */;
}
